{
  "name": "server",
  "version": "1.0.0",
  "lockfileVersion": 1,
  "requires": true,
  "dependencies": {
    "@types/colors": {
      "version": "1.2.1",
      "resolved": "https://registry.npmjs.org/@types/colors/-/colors-1.2.1.tgz",
      "integrity": "sha512-7jNkpfN2lVO07nJ1RWzyMnNhH/I5N9iWuMPx9pedptxJ4MODf8rRV0lbJi6RakQ4sKQk231Fw4e2W9n3D7gZ3w==",
      "requires": {
        "colors": "*"
      }
    },
    "@types/node": {
      "version": "12.12.21",
      "resolved": "https://registry.npmjs.org/@types/node/-/node-12.12.21.tgz",
      "integrity": "sha512-8sRGhbpU+ck1n0PGAUgVrWrWdjSW2aqNeyC15W88GRsMpSwzv6RJGlLhE7s2RhVSOdyDmxbqlWSeThq4/7xqlA=="
    },
    "@types/uuid": {
      "version": "3.4.6",
      "resolved": "https://registry.npmjs.org/@types/uuid/-/uuid-3.4.6.tgz",
      "integrity": "sha512-cCdlC/1kGEZdEglzOieLDYBxHsvEOIg7kp/2FYyVR9Pxakq+Qf/inL3RKQ+PA8gOlI/NnL+fXmQH12nwcGzsHw==",
      "requires": {
        "@types/node": "*"
      }
    },
    "@types/ws": {
      "version": "6.0.4",
      "resolved": "https://registry.npmjs.org/@types/ws/-/ws-6.0.4.tgz",
      "integrity": "sha512-PpPrX7SZW9re6+Ha8ojZG4Se8AZXgf0GK6zmfqEuCsY49LFDNXO3SByp44X3dFEqtB73lkCDAdUazhAjVPiNwg==",
      "requires": {
        "@types/node": "*"
      }
    },
    "colors": {
      "version": "1.4.0",
      "resolved": "https://registry.npmjs.org/colors/-/colors-1.4.0.tgz",
      "integrity": "sha512-a+UqTh4kgZg/SlGvfbzDHpgRu7AAQOmmqRHJnxhRZICKFUT91brVhNNt58CMWU9PsBbv3PDCZUHbVxuDiH2mtA=="
    },
    "k8w-extend-native": {
      "version": "1.4.0",
      "resolved": "https://registry.npmjs.org/k8w-extend-native/-/k8w-extend-native-1.4.0.tgz",
      "integrity": "sha512-hwCwTWA6Wjd+I2sthWJQYwJ2cD4bnNVRfndh5a+vCyE+keJITj7+tFqljFFn09UqABHrhdMbQWI/D28XhfEr3g==",
      "requires": {
        "k8w-linq-array": "*",
        "k8w-super-date": "*",
        "k8w-super-object": "*"
      }
    },
    "k8w-linq-array": {
      "version": "0.2.7",
      "resolved": "https://registry.npmjs.org/k8w-linq-array/-/k8w-linq-array-0.2.7.tgz",
      "integrity": "sha512-E4hwi6c4lqC4b8zBkLK1IH/jOyLnc2lUDixG+DNAhjQmSWdL4KaXkwWmXmRztrxSPLbWPYU4qnmjgGHIZCC+YQ=="
    },
    "k8w-super-date": {
      "version": "0.1.2",
      "resolved": "https://registry.npmjs.org/k8w-super-date/-/k8w-super-date-0.1.2.tgz",
      "integrity": "sha512-tTmDQEMEviD78ToUFG24EJXkiSFE+rW4jlcPiyNRCvlxEiWNTpAgcRZtoN2z8BDWW/euiKjzq9Dqx96rnyorPg=="
    },
    "k8w-super-object": {
      "version": "0.3.0",
      "resolved": "https://registry.npmjs.org/k8w-super-object/-/k8w-super-object-0.3.0.tgz",
      "integrity": "sha512-u2jfh4goYXKZmSucaLaOTaNbLRatjv0CSRpzE0KU0732+9XtYZFd5vrdw/mzJfK5fPHb/zyikOSHDX5mJrav+g=="
    },
    "k8w-super-promise": {
      "version": "0.2.7",
      "resolved": "https://registry.npmjs.org/k8w-super-promise/-/k8w-super-promise-0.2.7.tgz",
      "integrity": "sha512-lCQRtzb/8+lN2if6nJXhqpnGPXW05EpmXuY4GtePrEHR70nCuRaEscAY/aLgL4lbsn+oS/M2GU96cIOiVNcSbw=="
    },
    "tsbuffer": {
      "version": "1.2.5",
      "resolved": "https://registry.npmjs.org/tsbuffer/-/tsbuffer-1.2.5.tgz",
      "integrity": "sha512-o3elymkfMFgQswd4Tt8+JvjHlPTWVvb0sX208Pc+YXj/bJHwJzHGtmNbiMUf24/8YdGcPn2NEQZhM/m5Pvxr+A==",
      "requires": {
        "k8w-extend-native": "^1.4.0",
        "tsbuffer-validator": "^1.0.0"
      }
    },
    "tsbuffer-schema": {
      "version": "1.0.0",
      "resolved": "https://registry.npmjs.org/tsbuffer-schema/-/tsbuffer-schema-1.0.0.tgz",
      "integrity": "sha512-fNECyDM25nAY63wqjttddXw7b7W+k3i/9V/gEZOf3F9O2fRQY29gZvXwctL/PDHWzC/0WVxWlTC7alYmxOrNMw=="
    },
    "tsbuffer-validator": {
      "version": "1.0.0",
      "resolved": "https://registry.npmjs.org/tsbuffer-validator/-/tsbuffer-validator-1.0.0.tgz",
      "integrity": "sha512-yvWlI7hDlKsMmxn1E1J2YCCVF5z/5ioEpi2hgFQBz467IAWTacawyO+xkDLbEay8CR0F42ugdmst8BvZAGxgAA==",
      "requires": {
        "k8w-extend-native": "*",
        "tsbuffer-schema": "^1.0.0"
      }
    },
    "tslib": {
      "version": "1.10.0",
      "resolved": "https://registry.npmjs.org/tslib/-/tslib-1.10.0.tgz",
      "integrity": "sha512-qOebF53frne81cf0S9B41ByenJ3/IuH8yJKngAX35CmiZySA0khhkovshKK+jGCaMnVomla7gVlIcc3EvKPbTQ=="
    },
    "tsrpc": {
      "version": "2.4.3",
      "resolved": "https://registry.npmjs.org/tsrpc/-/tsrpc-2.4.3.tgz",
      "integrity": "sha512-x3j+HlhEloTawiAWdZQiKKPMWLfyaP2dCnKFijMnjE4+R3VWEaM27r8HRutJ9Gg3sOU+wVyx2EBBBopnLod/3A==",
      "requires": {
        "@types/colors": "^1.2.1",
        "@types/uuid": "^3.4.4",
        "@types/ws": "^6.0.1",
        "colors": "^1.3.3",
        "k8w-super-promise": "*",
        "tsbuffer": "^1.2.4",
        "tslib": "*",
        "tsrpc-proto": "^1.1.5",
        "uuid": "^3.3.2",
        "ws": "^7.0.1"
      }
    },
    "tsrpc-proto": {
      "version": "1.1.5",
      "resolved": "https://registry.npmjs.org/tsrpc-proto/-/tsrpc-proto-1.1.5.tgz",
      "integrity": "sha512-Afhwdkshgoqra6srf+6MT4C3WaC0C5D6ICoVN4TLbvFjhThju8QPyd+NyjHhwpezuSRKMrYbPi4CbDtlEg6vWg==",
      "requires": {
        "tsbuffer-schema": "^1.0.0"
      }
    },
    "uuid": {
      "version": "3.3.3",
      "resolved": "https://registry.npmjs.org/uuid/-/uuid-3.3.3.tgz",
      "integrity": "sha512-pW0No1RGHgzlpHJO1nsVrHKpOEIxkGg1xB+v0ZmdNH5OAeAwzAVrCnI2/6Mtx+Uys6iaylxa+D3g4j63IKKjSQ=="
    },
    "ws": {
      "version": "7.2.1",
      "resolved": "https://registry.npmjs.org/ws/-/ws-7.2.1.tgz",
      "integrity": "sha512-sucePNSafamSKoOqoNfBd8V0StlkzJKL2ZAhGQinCfNQ+oacw+Pk7lcdAElecBF2VkLNZRiIb5Oi1Q5lVUVt2A=="
    }
  }
}
